
Microsoft Visual Studio Solution File, Format Version 12.00
# Visual Studio 15
VisualStudioVersion = 15.0.27130.2024
MinimumVisualStudioVersion = 10.0.40219.1
Project("{FAE04EC0-301F-11D3-BF4B-00C04F79EFBC}") = "SpadeGeneratorApp", "SpadeGeneratorApp\SpadeGeneratorApp.csproj", "{A2A3457F-6C38-40E2-9576-274044B03D77}"
EndProject
Global
	GlobalSection(SolutionConfigurationPlatforms) = preSolution
		Debug|Any CPU = Debug|Any CPU
		Release|Any CPU = Release|Any CPU
	EndGlobalSection
	GlobalSection(ProjectConfigurationPlatforms) = postSolution
		{A2A3457F-6C38-40E2-9576-274044B03D77}.Debug|Any CPU.ActiveCfg = Debug|Any CPU
		{A2A3457F-6C38-40E2-9576-274044B03D77}.Debug|Any CPU.Build.0 = Debug|Any CPU
		{A2A3457F-6C38-40E2-9576-274044B03D77}.Release|Any CPU.ActiveCfg = Release|Any CPU
		{A2A3457F-6C38-40E2-9576-274044B03D77}.Release|Any CPU.Build.0 = Release|Any CPU
	EndGlobalSection
	GlobalSection(SolutionProperties) = preSolution
		HideSolutionNode = FALSE
	EndGlobalSection
	GlobalSection(ExtensibilityGlobals) = postSolution
		SolutionGuid = {F45C98BD-FF55-4731-9071-3C9D735FAEE2}
	EndGlobalSection
EndGlobal
